// !$*UTF8*$!
{
	archiveVersion = 1;
	classes = {
	};
	objectVersion = 46;
	objects = {

/* Begin PBXBuildFile section */
		16B2A930F09D262650FD8807 /* libPods-catch22Tests.a in Frameworks */ = {isa = PBXBuildFile; fileRef = 5EEAE211D1F1A09697D8F427 /* libPods-catch22Tests.a */; };
		1F6E080EB93D7151D6B05A0A /* libPods.a in Frameworks */ = {isa = PBXBuildFile; fileRef = 4E6AB4B16180C0F2A60ACBD3 /* libPods.a */; };
		40D69396B3B6F7275ADBBA5C /* libPods.a in Frameworks */ = {isa = PBXBuildFile; fileRef = 4E6AB4B16180C0F2A60ACBD3 /* libPods.a */; };
		701C79EE1A7B6034006A44DD /* AppDelegate.swift in Sources */ = {isa = PBXBuildFile; fileRef = 701C79ED1A7B6034006A44DD /* AppDelegate.swift */; };
		701C79F01A7B6034006A44DD /* ViewController.swift in Sources */ = {isa = PBXBuildFile; fileRef = 701C79EF1A7B6034006A44DD /* ViewController.swift */; };
		701C79F31A7B6034006A44DD /* Main.storyboard in Resources */ = {isa = PBXBuildFile; fileRef = 701C79F11A7B6034006A44DD /* Main.storyboard */; };
		701C79F51A7B6034006A44DD /* Images.xcassets in Resources */ = {isa = PBXBuildFile; fileRef = 701C79F41A7B6034006A44DD /* Images.xcassets */; };
		701C79F81A7B6034006A44DD /* LaunchScreen.xib in Resources */ = {isa = PBXBuildFile; fileRef = 701C79F61A7B6034006A44DD /* LaunchScreen.xib */; };
		701C7A041A7B6034006A44DD /* catch22Tests.swift in Sources */ = {isa = PBXBuildFile; fileRef = 701C7A031A7B6034006A44DD /* catch22Tests.swift */; };
		70328A591A7B661500FF5F28 /* KIFTest.swift in Sources */ = {isa = PBXBuildFile; fileRef = 70328A581A7B661500FF5F28 /* KIFTest.swift */; };
		70C9D9511A7B6CD100EDB2F7 /* libPods-catch22Tests-KIF.a in Frameworks */ = {isa = PBXBuildFile; fileRef = 70C9D9501A7B6CD100EDB2F7 /* libPods-catch22Tests-KIF.a */; };
/* End PBXBuildFile section */

/* Begin PBXContainerItemProxy section */
		701C79FE1A7B6034006A44DD /* PBXContainerItemProxy */ = {
			isa = PBXContainerItemProxy;
			containerPortal = 701C79E01A7B6034006A44DD /* Project object */;
			proxyType = 1;
			remoteGlobalIDString = 701C79E71A7B6034006A44DD;
			remoteInfo = catch22;
		};
/* End PBXContainerItemProxy section */

/* Begin PBXFileReference section */
		1477D3152836BB54ED950BF6 /* Pods.release.xcconfig */ = {isa = PBXFileReference; includeInIndex = 1; lastKnownFileType = text.xcconfig; name = Pods.release.xcconfig; path = "Pods/Target Support Files/Pods/Pods.release.xcconfig"; sourceTree = "<group>"; };
		4E6AB4B16180C0F2A60ACBD3 /* libPods.a */ = {isa = PBXFileReference; explicitFileType = archive.ar; includeInIndex = 0; path = libPods.a; sourceTree = BUILT_PRODUCTS_DIR; };
		5EEAE211D1F1A09697D8F427 /* libPods-catch22Tests.a */ = {isa = PBXFileReference; explicitFileType = archive.ar; includeInIndex = 0; path = "libPods-catch22Tests.a"; sourceTree = BUILT_PRODUCTS_DIR; };
		701C79E81A7B6034006A44DD /* catch22.app */ = {isa = PBXFileReference; explicitFileType = wrapper.application; includeInIndex = 0; path = catch22.app; sourceTree = BUILT_PRODUCTS_DIR; };
		701C79EC1A7B6034006A44DD /* Info.plist */ = {isa = PBXFileReference; lastKnownFileType = text.plist.xml; path = Info.plist; sourceTree = "<group>"; };
		701C79ED1A7B6034006A44DD /* AppDelegate.swift */ = {isa = PBXFileReference; lastKnownFileType = sourcecode.swift; path = AppDelegate.swift; sourceTree = "<group>"; };
		701C79EF1A7B6034006A44DD /* ViewController.swift */ = {isa = PBXFileReference; lastKnownFileType = sourcecode.swift; path = ViewController.swift; sourceTree = "<group>"; };
		701C79F21A7B6034006A44DD /* Base */ = {isa = PBXFileReference; lastKnownFileType = file.storyboard; name = Base; path = Base.lproj/Main.storyboard; sourceTree = "<group>"; };
		701C79F41A7B6034006A44DD /* Images.xcassets */ = {isa = PBXFileReference; lastKnownFileType = folder.assetcatalog; path = Images.xcassets; sourceTree = "<group>"; };
		701C79F71A7B6034006A44DD /* Base */ = {isa = PBXFileReference; lastKnownFileType = file.xib; name = Base; path = Base.lproj/LaunchScreen.xib; sourceTree = "<group>"; };
		701C79FD1A7B6034006A44DD /* catch22Tests.xctest */ = {isa = PBXFileReference; explicitFileType = wrapper.cfbundle; includeInIndex = 0; path = catch22Tests.xctest; sourceTree = BUILT_PRODUCTS_DIR; };
		701C7A021A7B6034006A44DD /* Info.plist */ = {isa = PBXFileReference; lastKnownFileType = text.plist.xml; path = Info.plist; sourceTree = "<group>"; };
		701C7A031A7B6034006A44DD /* catch22Tests.swift */ = {isa = PBXFileReference; lastKnownFileType = sourcecode.swift; path = catch22Tests.swift; sourceTree = "<group>"; };
		70328A581A7B661500FF5F28 /* KIFTest.swift */ = {isa = PBXFileReference; fileEncoding = 4; lastKnownFileType = sourcecode.swift; path = KIFTest.swift; sourceTree = "<group>"; };
		70328A5A1A7B667700FF5F28 /* catch22Tests-Bridging-Header.h */ = {isa = PBXFileReference; lastKnownFileType = sourcecode.c.h; path = "catch22Tests-Bridging-Header.h"; sourceTree = "<group>"; };
		7090FFC51A7B612B00B35F4E /* catch22-Bridging-Header.h */ = {isa = PBXFileReference; lastKnownFileType = sourcecode.c.h; path = "catch22-Bridging-Header.h"; sourceTree = "<group>"; };
		70C9D9501A7B6CD100EDB2F7 /* libPods-catch22Tests-KIF.a */ = {isa = PBXFileReference; lastKnownFileType = archive.ar; name = "libPods-catch22Tests-KIF.a"; path = "Pods/build/Debug-iphoneos/libPods-catch22Tests-KIF.a"; sourceTree = "<group>"; };
		B2AB3E4BE1382F8F9DFD0D49 /* Pods.debug.xcconfig */ = {isa = PBXFileReference; includeInIndex = 1; lastKnownFileType = text.xcconfig; name = Pods.debug.xcconfig; path = "Pods/Target Support Files/Pods/Pods.debug.xcconfig"; sourceTree = "<group>"; };
/* End PBXFileReference section */

/* Begin PBXFrameworksBuildPhase section */
		701C79E51A7B6034006A44DD /* Frameworks */ = {
			isa = PBXFrameworksBuildPhase;
			buildActionMask = 2147483647;
			files = (
				1F6E080EB93D7151D6B05A0A /* libPods.a in Frameworks */,
			);
			runOnlyForDeploymentPostprocessing = 0;
		};
		701C79FA1A7B6034006A44DD /* Frameworks */ = {
			isa = PBXFrameworksBuildPhase;
			buildActionMask = 2147483647;
			files = (
				70C9D9511A7B6CD100EDB2F7 /* libPods-catch22Tests-KIF.a in Frameworks */,
				40D69396B3B6F7275ADBBA5C /* libPods.a in Frameworks */,
				16B2A930F09D262650FD8807 /* libPods-catch22Tests.a in Frameworks */,
			);
			runOnlyForDeploymentPostprocessing = 0;
		};
/* End PBXFrameworksBuildPhase section */

/* Begin PBXGroup section */
		63B947175F0506AE4776F453 /* Pods */ = {
			isa = PBXGroup;
			children = (
				B2AB3E4BE1382F8F9DFD0D49 /* Pods.debug.xcconfig */,
				1477D3152836BB54ED950BF6 /* Pods.release.xcconfig */,
			);
			name = Pods;
			sourceTree = "<group>";
		};
		701C79DF1A7B6034006A44DD = {
			isa = PBXGroup;
			children = (
				7090FFC51A7B612B00B35F4E /* catch22-Bridging-Header.h */,
				701C79EA1A7B6034006A44DD /* catch22 */,
				701C7A001A7B6034006A44DD /* catch22Tests */,
				701C79E91A7B6034006A44DD /* Products */,
				63B947175F0506AE4776F453 /* Pods */,
				BC7399A46C099FB9C8E6E318 /* Frameworks */,
			);
			sourceTree = "<group>";
		};
		701C79E91A7B6034006A44DD /* Products */ = {
			isa = PBXGroup;
			children = (
				701C79E81A7B6034006A44DD /* catch22.app */,
				701C79FD1A7B6034006A44DD /* catch22Tests.xctest */,
			);
			name = Products;
			sourceTree = "<group>";
		};
		701C79EA1A7B6034006A44DD /* catch22 */ = {
			isa = PBXGroup;
			children = (
				701C79ED1A7B6034006A44DD /* AppDelegate.swift */,
				701C79EF1A7B6034006A44DD /* ViewController.swift */,
				701C79F11A7B6034006A44DD /* Main.storyboard */,
				701C79F41A7B6034006A44DD /* Images.xcassets */,
				701C79F61A7B6034006A44DD /* LaunchScreen.xib */,
				701C79EB1A7B6034006A44DD /* Supporting Files */,
			);
			path = catch22;
			sourceTree = "<group>";
		};
		701C79EB1A7B6034006A44DD /* Supporting Files */ = {
			isa = PBXGroup;
			children = (
				701C79EC1A7B6034006A44DD /* Info.plist */,
			);
			name = "Supporting Files";
			sourceTree = "<group>";
		};
		701C7A001A7B6034006A44DD /* catch22Tests */ = {
			isa = PBXGroup;
			children = (
				701C7A031A7B6034006A44DD /* catch22Tests.swift */,
				70328A5A1A7B667700FF5F28 /* catch22Tests-Bridging-Header.h */,
				701C7A011A7B6034006A44DD /* Supporting Files */,
				70328A581A7B661500FF5F28 /* KIFTest.swift */,
			);
			path = catch22Tests;
			sourceTree = "<group>";
		};
		701C7A011A7B6034006A44DD /* Supporting Files */ = {
			isa = PBXGroup;
			children = (
				701C7A021A7B6034006A44DD /* Info.plist */,
			);
			name = "Supporting Files";
			sourceTree = "<group>";
		};
		BC7399A46C099FB9C8E6E318 /* Frameworks */ = {
			isa = PBXGroup;
			children = (
				70C9D9501A7B6CD100EDB2F7 /* libPods-catch22Tests-KIF.a */,
				4E6AB4B16180C0F2A60ACBD3 /* libPods.a */,
				5EEAE211D1F1A09697D8F427 /* libPods-catch22Tests.a */,
			);
			name = Frameworks;
			sourceTree = "<group>";
		};
/* End PBXGroup section */

/* Begin PBXNativeTarget section */
		701C79E71A7B6034006A44DD /* catch22 */ = {
			isa = PBXNativeTarget;
			buildConfigurationList = 701C7A071A7B6034006A44DD /* Build configuration list for PBXNativeTarget "catch22" */;
			buildPhases = (
				F8C23FD1A0D1D091A9D52CF1 /* Check Pods Manifest.lock */,
				701C79E41A7B6034006A44DD /* Sources */,
				701C79E51A7B6034006A44DD /* Frameworks */,
				701C79E61A7B6034006A44DD /* Resources */,
				5953F1A226E4CB8FF990C9CF /* Copy Pods Resources */,
			);
			buildRules = (
			);
			dependencies = (
			);
			name = catch22;
			productName = catch22;
			productReference = 701C79E81A7B6034006A44DD /* catch22.app */;
			productType = "com.apple.product-type.application";
		};
		701C79FC1A7B6034006A44DD /* catch22Tests */ = {
			isa = PBXNativeTarget;
			buildConfigurationList = 701C7A0A1A7B6034006A44DD /* Build configuration list for PBXNativeTarget "catch22Tests" */;
			buildPhases = (
				6E28A7DBCF46DA6D4ACA3361 /* Check Pods Manifest.lock */,
				701C79F91A7B6034006A44DD /* Sources */,
				701C79FA1A7B6034006A44DD /* Frameworks */,
				701C79FB1A7B6034006A44DD /* Resources */,
				27C8AEC369524AE4BF848E9A /* Copy Pods Resources */,
			);
			buildRules = (
			);
			dependencies = (
				701C79FF1A7B6034006A44DD /* PBXTargetDependency */,
			);
			name = catch22Tests;
			productName = catch22Tests;
			productReference = 701C79FD1A7B6034006A44DD /* catch22Tests.xctest */;
			productType = "com.apple.product-type.bundle.unit-test";
		};
/* End PBXNativeTarget section */

/* Begin PBXProject section */
		701C79E01A7B6034006A44DD /* Project object */ = {
			isa = PBXProject;
			attributes = {
				LastUpgradeCheck = 0610;
				ORGANIZATIONNAME = albertbori;
				TargetAttributes = {
					701C79E71A7B6034006A44DD = {
						CreatedOnToolsVersion = 6.1.1;
					};
					701C79FC1A7B6034006A44DD = {
						CreatedOnToolsVersion = 6.1.1;
						TestTargetID = 701C79E71A7B6034006A44DD;
					};
				};
			};
			buildConfigurationList = 701C79E31A7B6034006A44DD /* Build configuration list for PBXProject "catch22" */;
			compatibilityVersion = "Xcode 3.2";
			developmentRegion = English;
			hasScannedForEncodings = 0;
			knownRegions = (
				en,
				Base,
			);
			mainGroup = 701C79DF1A7B6034006A44DD;
			productRefGroup = 701C79E91A7B6034006A44DD /* Products */;
			projectDirPath = "";
			projectRoot = "";
			targets = (
				701C79E71A7B6034006A44DD /* catch22 */,
				701C79FC1A7B6034006A44DD /* catch22Tests */,
			);
		};
/* End PBXProject section */

/* Begin PBXResourcesBuildPhase section */
		701C79E61A7B6034006A44DD /* Resources */ = {
			isa = PBXResourcesBuildPhase;
			buildActionMask = 2147483647;
			files = (
				701C79F31A7B6034006A44DD /* Main.storyboard in Resources */,
				701C79F81A7B6034006A44DD /* LaunchScreen.xib in Resources */,
				701C79F51A7B6034006A44DD /* Images.xcassets in Resources */,
			);
			runOnlyForDeploymentPostprocessing = 0;
		};
		701C79FB1A7B6034006A44DD /* Resources */ = {
			isa = PBXResourcesBuildPhase;
			buildActionMask = 2147483647;
			files = (
			);
			runOnlyForDeploymentPostprocessing = 0;
		};
/* End PBXResourcesBuildPhase section */

/* Begin PBXShellScriptBuildPhase section */
		27C8AEC369524AE4BF848E9A /* Copy Pods Resources */ = {
			isa = PBXShellScriptBuildPhase;
			buildActionMask = 2147483647;
			files = (
			);
			inputPaths = (
			);
			name = "Copy Pods Resources";
			outputPaths = (
			);
			runOnlyForDeploymentPostprocessing = 0;
			shellPath = /bin/sh;
			shellScript = "\"${SRCROOT}/Pods/Target Support Files/Pods-catch22Tests/Pods-catch22Tests-resources.sh\"\n";
			showEnvVarsInLog = 0;
		};
		5953F1A226E4CB8FF990C9CF /* Copy Pods Resources */ = {
			isa = PBXShellScriptBuildPhase;
			buildActionMask = 2147483647;
			files = (
			);
			inputPaths = (
			);
			name = "Copy Pods Resources";
			outputPaths = (
			);
			runOnlyForDeploymentPostprocessing = 0;
			shellPath = /bin/sh;
			shellScript = "\"${SRCROOT}/Pods/Target Support Files/Pods/Pods-resources.sh\"\n";
			showEnvVarsInLog = 0;
		};
		6E28A7DBCF46DA6D4ACA3361 /* Check Pods Manifest.lock */ = {
			isa = PBXShellScriptBuildPhase;
			buildActionMask = 2147483647;
			files = (
			);
			inputPaths = (
			);
			name = "Check Pods Manifest.lock";
			outputPaths = (
			);
			runOnlyForDeploymentPostprocessing = 0;
			shellPath = /bin/sh;
			shellScript = "diff \"${PODS_ROOT}/../Podfile.lock\" \"${PODS_ROOT}/Manifest.lock\" > /dev/null\nif [[ $? != 0 ]] ; then\n    cat << EOM\nerror: The sandbox is not in sync with the Podfile.lock. Run 'pod install' or update your CocoaPods installation.\nEOM\n    exit 1\nfi\n";
			showEnvVarsInLog = 0;
		};
		F8C23FD1A0D1D091A9D52CF1 /* Check Pods Manifest.lock */ = {
			isa = PBXShellScriptBuildPhase;
			buildActionMask = 2147483647;
			files = (
			);
			inputPaths = (
			);
			name = "Check Pods Manifest.lock";
			outputPaths = (
			);
			runOnlyForDeploymentPostprocessing = 0;
			shellPath = /bin/sh;
			shellScript = "diff \"${PODS_ROOT}/../Podfile.lock\" \"${PODS_ROOT}/Manifest.lock\" > /dev/null\nif [[ $? != 0 ]] ; then\n    cat << EOM\nerror: The sandbox is not in sync with the Podfile.lock. Run 'pod install' or update your CocoaPods installation.\nEOM\n    exit 1\nfi\n";
			showEnvVarsInLog = 0;
		};
/* End PBXShellScriptBuildPhase section */

/* Begin PBXSourcesBuildPhase section */
		701C79E41A7B6034006A44DD /* Sources */ = {
			isa = PBXSourcesBuildPhase;
			buildActionMask = 2147483647;
			files = (
				701C79F01A7B6034006A44DD /* ViewController.swift in Sources */,
				701C79EE1A7B6034006A44DD /* AppDelegate.swift in Sources */,
			);
			runOnlyForDeploymentPostprocessing = 0;
		};
		701C79F91A7B6034006A44DD /* Sources */ = {
			isa = PBXSourcesBuildPhase;
			buildActionMask = 2147483647;
			files = (
				70328A591A7B661500FF5F28 /* KIFTest.swift in Sources */,
				701C7A041A7B6034006A44DD /* catch22Tests.swift in Sources */,
			);
			runOnlyForDeploymentPostprocessing = 0;
		};
/* End PBXSourcesBuildPhase section */

/* Begin PBXTargetDependency section */
		701C79FF1A7B6034006A44DD /* PBXTargetDependency */ = {
			isa = PBXTargetDependency;
			target = 701C79E71A7B6034006A44DD /* catch22 */;
			targetProxy = 701C79FE1A7B6034006A44DD /* PBXContainerItemProxy */;
		};
/* End PBXTargetDependency section */

/* Begin PBXVariantGroup section */
		701C79F11A7B6034006A44DD /* Main.storyboard */ = {
			isa = PBXVariantGroup;
			children = (
				701C79F21A7B6034006A44DD /* Base */,
			);
			name = Main.storyboard;
			sourceTree = "<group>";
		};
		701C79F61A7B6034006A44DD /* LaunchScreen.xib */ = {
			isa = PBXVariantGroup;
			children = (
				701C79F71A7B6034006A44DD /* Base */,
			);
			name = LaunchScreen.xib;
			sourceTree = "<group>";
		};
/* End PBXVariantGroup section */

/* Begin XCBuildConfiguration section */
		701C7A051A7B6034006A44DD /* Debug */ = {
			isa = XCBuildConfiguration;
			buildSettings = {
				ALWAYS_SEARCH_USER_PATHS = NO;
				CLANG_CXX_LANGUAGE_STANDARD = "gnu++0x";
				CLANG_CXX_LIBRARY = "libc++";
				CLANG_ENABLE_MODULES = YES;
				CLANG_ENABLE_OBJC_ARC = YES;
				CLANG_WARN_BOOL_CONVERSION = YES;
				CLANG_WARN_CONSTANT_CONVERSION = YES;
				CLANG_WARN_DIRECT_OBJC_ISA_USAGE = YES_ERROR;
				CLANG_WARN_EMPTY_BODY = YES;
				CLANG_WARN_ENUM_CONVERSION = YES;
				CLANG_WARN_INT_CONVERSION = YES;
				CLANG_WARN_OBJC_ROOT_CLASS = YES_ERROR;
				CLANG_WARN_UNREACHABLE_CODE = YES;
				CLANG_WARN__DUPLICATE_METHOD_MATCH = YES;
				"CODE_SIGN_IDENTITY[sdk=iphoneos*]" = "iPhone Developer";
				COPY_PHASE_STRIP = NO;
				ENABLE_STRICT_OBJC_MSGSEND = YES;
				GCC_C_LANGUAGE_STANDARD = gnu99;
				GCC_DYNAMIC_NO_PIC = NO;
				GCC_OPTIMIZATION_LEVEL = 0;
				GCC_PREPROCESSOR_DEFINITIONS = (
					"DEBUG=1",
					"$(inherited)",
				);
				GCC_SYMBOLS_PRIVATE_EXTERN = NO;
				GCC_WARN_64_TO_32_BIT_CONVERSION = YES;
				GCC_WARN_ABOUT_RETURN_TYPE = YES_ERROR;
				GCC_WARN_UNDECLARED_SELECTOR = YES;
				GCC_WARN_UNINITIALIZED_AUTOS = YES_AGGRESSIVE;
				GCC_WARN_UNUSED_FUNCTION = YES;
				GCC_WARN_UNUSED_VARIABLE = YES;
				IPHONEOS_DEPLOYMENT_TARGET = 8.1;
				MTL_ENABLE_DEBUG_INFO = YES;
				ONLY_ACTIVE_ARCH = NO;
				SDKROOT = iphoneos;
				SWIFT_OPTIMIZATION_LEVEL = "-Onone";
			};
			name = Debug;
		};
		701C7A061A7B6034006A44DD /* Release */ = {
			isa = XCBuildConfiguration;
			buildSettings = {
				ALWAYS_SEARCH_USER_PATHS = NO;
				CLANG_CXX_LANGUAGE_STANDARD = "gnu++0x";
				CLANG_CXX_LIBRARY = "libc++";
				CLANG_ENABLE_MODULES = YES;
				CLANG_ENABLE_OBJC_ARC = YES;
				CLANG_WARN_BOOL_CONVERSION = YES;
				CLANG_WARN_CONSTANT_CONVERSION = YES;
				CLANG_WARN_DIRECT_OBJC_ISA_USAGE = YES_ERROR;
				CLANG_WARN_EMPTY_BODY = YES;
				CLANG_WARN_ENUM_CONVERSION = YES;
				CLANG_WARN_INT_CONVERSION = YES;
				CLANG_WARN_OBJC_ROOT_CLASS = YES_ERROR;
				CLANG_WARN_UNREACHABLE_CODE = YES;
				CLANG_WARN__DUPLICATE_METHOD_MATCH = YES;
				"CODE_SIGN_IDENTITY[sdk=iphoneos*]" = "iPhone Developer";
				COPY_PHASE_STRIP = YES;
				ENABLE_NS_ASSERTIONS = NO;
				ENABLE_STRICT_OBJC_MSGSEND = YES;
				GCC_C_LANGUAGE_STANDARD = gnu99;
				GCC_WARN_64_TO_32_BIT_CONVERSION = YES;
				GCC_WARN_ABOUT_RETURN_TYPE = YES_ERROR;
				GCC_WARN_UNDECLARED_SELECTOR = YES;
				GCC_WARN_UNINITIALIZED_AUTOS = YES_AGGRESSIVE;
				GCC_WARN_UNUSED_FUNCTION = YES;
				GCC_WARN_UNUSED_VARIABLE = YES;
				IPHONEOS_DEPLOYMENT_TARGET = 8.1;
				MTL_ENABLE_DEBUG_INFO = NO;
				ONLY_ACTIVE_ARCH = NO;
				SDKROOT = iphoneos;
				VALIDATE_PRODUCT = YES;
			};
			name = Release;
		};
		701C7A081A7B6034006A44DD /* Debug */ = {
			isa = XCBuildConfiguration;
			baseConfigurationReference = B2AB3E4BE1382F8F9DFD0D49 /* Pods.debug.xcconfig */;
			buildSettings = {
				ASSETCATALOG_COMPILER_APPICON_NAME = AppIcon;
				CLANG_ENABLE_MODULES = YES;
				INFOPLIST_FILE = catch22/Info.plist;
				LD_RUNPATH_SEARCH_PATHS = "$(inherited) @executable_path/Frameworks";
				PRODUCT_NAME = "$(TARGET_NAME)";
				SWIFT_OBJC_BRIDGING_HEADER = "catch22-Bridging-Header.h";
				SWIFT_OPTIMIZATION_LEVEL = "-Onone";
			};
			name = Debug;
		};
		701C7A091A7B6034006A44DD /* Release */ = {
			isa = XCBuildConfiguration;
			baseConfigurationReference = 1477D3152836BB54ED950BF6 /* Pods.release.xcconfig */;
			buildSettings = {
				ASSETCATALOG_COMPILER_APPICON_NAME = AppIcon;
				CLANG_ENABLE_MODULES = YES;
				INFOPLIST_FILE = catch22/Info.plist;
				LD_RUNPATH_SEARCH_PATHS = "$(inherited) @executable_path/Frameworks";
				PRODUCT_NAME = "$(TARGET_NAME)";
				SWIFT_OBJC_BRIDGING_HEADER = "catch22-Bridging-Header.h";
			};
			name = Release;
		};
		701C7A0B1A7B6034006A44DD /* Debug */ = {
			isa = XCBuildConfiguration;
			baseConfigurationReference = B2AB3E4BE1382F8F9DFD0D49 /* Pods.debug.xcconfig */;
			buildSettings = {
				BUNDLE_LOADER = "$(TEST_HOST)";
				CLANG_ENABLE_MODULES = YES;
				FRAMEWORK_SEARCH_PATHS = (
					"$(SDKROOT)/Developer/Library/Frameworks",
					"$(inherited)",
				);
				GCC_PREPROCESSOR_DEFINITIONS = (
					"DEBUG=1",
					"$(inherited)",
				);
				INFOPLIST_FILE = catch22Tests/Info.plist;
				LD_RUNPATH_SEARCH_PATHS = "$(inherited) @executable_path/Frameworks @loader_path/Frameworks";
				LIBRARY_SEARCH_PATHS = (
					"$(inherited)",
					"$(PROJECT_DIR)/Pods/build/Debug-iphoneos",
				);
				PRODUCT_NAME = "$(TARGET_NAME)";
				SWIFT_OBJC_BRIDGING_HEADER = "catch22Tests/catch22Tests-Bridging-Header.h";
				SWIFT_OPTIMIZATION_LEVEL = "-Onone";
				TEST_HOST = "$(BUILT_PRODUCTS_DIR)/catch22.app/catch22";
			};
			name = Debug;
		};
		701C7A0C1A7B6034006A44DD /* Release */ = {
			isa = XCBuildConfiguration;
			baseConfigurationReference = 1477D3152836BB54ED950BF6 /* Pods.release.xcconfig */;
			buildSettings = {
				BUNDLE_LOADER = "$(TEST_HOST)";
				CLANG_ENABLE_MODULES = YES;
				FRAMEWORK_SEARCH_PATHS = (
					"$(SDKROOT)/Developer/Library/Frameworks",
					"$(inherited)",
				);
				INFOPLIST_FILE = catch22Tests/Info.plist;
				LD_RUNPATH_SEARCH_PATHS = "$(inherited) @executable_path/Frameworks @loader_path/Frameworks";
				LIBRARY_SEARCH_PATHS = (
					"$(inherited)",
					"$(PROJECT_DIR)/Pods/build/Debug-iphoneos",
				);
				PRODUCT_NAME = "$(TARGET_NAME)";
				SWIFT_OBJC_BRIDGING_HEADER = "catch22Tests/catch22Tests-Bridging-Header.h";
				TEST_HOST = "$(BUILT_PRODUCTS_DIR)/catch22.app/catch22";
			};
			name = Release;
		};
/* End XCBuildConfiguration section */

/* Begin XCConfigurationList section */
		701C79E31A7B6034006A44DD /* Build configuration list for PBXProject "catch22" */ = {
			isa = XCConfigurationList;
			buildConfigurations = (
				701C7A051A7B6034006A44DD /* Debug */,
				701C7A061A7B6034006A44DD /* Release */,
			);
			defaultConfigurationIsVisible = 0;
			defaultConfigurationName = Release;
		};
		701C7A071A7B6034006A44DD /* Build configuration list for PBXNativeTarget "catch22" */ = {
			isa = XCConfigurationList;
			buildConfigurations = (
				701C7A081A7B6034006A44DD /* Debug */,
				701C7A091A7B6034006A44DD /* Release */,
			);
			defaultConfigurationIsVisible = 0;
			defaultConfigurationName = Release;
		};
		701C7A0A1A7B6034006A44DD /* Build configuration list for PBXNativeTarget "catch22Tests" */ = {
			isa = XCConfigurationList;
			buildConfigurations = (
				701C7A0B1A7B6034006A44DD /* Debug */,
				701C7A0C1A7B6034006A44DD /* Release */,
			);
			defaultConfigurationIsVisible = 0;
			defaultConfigurationName = Release;
		};
/* End XCConfigurationList section */
	};
	rootObject = 701C79E01A7B6034006A44DD /* Project object */;
}
